
Microsoft Visual Studio Solution File, Format Version 12.00
# Visual Studio Version 16
VisualStudioVersion = 16.0.30413.136
MinimumVisualStudioVersion = 10.0.40219.1
Project("{FAE04EC0-301F-11D3-BF4B-00C04F79EFBC}") = "NewsFocusService", "NewsFocusService.csproj", "{48DF3A51-F0FB-4302-B97F-2B274905D207}"
EndProject
Project("{FAE04EC0-301F-11D3-BF4B-00C04F79EFBC}") = "CrimeDataService", "..\CrimeDataService\CrimeDataService.csproj", "{B99E6D1F-567B-42AC-A402-EA000FB32665}"
EndProject
Project("{FAE04EC0-301F-11D3-BF4B-00C04F79EFBC}") = "WeatherService", "..\WeatherService\WeatherService.csproj", "{3C7BDD02-0412-4308-8300-CB0904C3B619}"
EndProject
Project("{FAE04EC0-301F-11D3-BF4B-00C04F79EFBC}") = "StockQuoteService", "..\StockQuoteService\StockQuoteService.csproj", "{8BB0BF89-2E22-4FA3-BFB2-C98D5A6EE43D}"
EndProject
Project("{FAE04EC0-301F-11D3-BF4B-00C04F79EFBC}") = "DemoPages", "..\DemoPages\DemoPages.csproj", "{6392C6AC-CFAE-4D74-829F-0C87E2DD1B1A}"
EndProject
Global
	GlobalSection(SolutionConfigurationPlatforms) = preSolution
		Debug|Any CPU = Debug|Any CPU
		Release|Any CPU = Release|Any CPU
	EndGlobalSection
	GlobalSection(ProjectConfigurationPlatforms) = postSolution
		{48DF3A51-F0FB-4302-B97F-2B274905D207}.Debug|Any CPU.ActiveCfg = Debug|Any CPU
		{48DF3A51-F0FB-4302-B97F-2B274905D207}.Debug|Any CPU.Build.0 = Debug|Any CPU
		{48DF3A51-F0FB-4302-B97F-2B274905D207}.Release|Any CPU.ActiveCfg = Release|Any CPU
		{48DF3A51-F0FB-4302-B97F-2B274905D207}.Release|Any CPU.Build.0 = Release|Any CPU
		{B99E6D1F-567B-42AC-A402-EA000FB32665}.Debug|Any CPU.ActiveCfg = Debug|Any CPU
		{B99E6D1F-567B-42AC-A402-EA000FB32665}.Debug|Any CPU.Build.0 = Debug|Any CPU
		{B99E6D1F-567B-42AC-A402-EA000FB32665}.Release|Any CPU.ActiveCfg = Release|Any CPU
		{B99E6D1F-567B-42AC-A402-EA000FB32665}.Release|Any CPU.Build.0 = Release|Any CPU
		{3C7BDD02-0412-4308-8300-CB0904C3B619}.Debug|Any CPU.ActiveCfg = Debug|Any CPU
		{3C7BDD02-0412-4308-8300-CB0904C3B619}.Debug|Any CPU.Build.0 = Debug|Any CPU
		{3C7BDD02-0412-4308-8300-CB0904C3B619}.Release|Any CPU.ActiveCfg = Release|Any CPU
		{3C7BDD02-0412-4308-8300-CB0904C3B619}.Release|Any CPU.Build.0 = Release|Any CPU
		{8BB0BF89-2E22-4FA3-BFB2-C98D5A6EE43D}.Debug|Any CPU.ActiveCfg = Debug|Any CPU
		{8BB0BF89-2E22-4FA3-BFB2-C98D5A6EE43D}.Debug|Any CPU.Build.0 = Debug|Any CPU
		{8BB0BF89-2E22-4FA3-BFB2-C98D5A6EE43D}.Release|Any CPU.ActiveCfg = Release|Any CPU
		{8BB0BF89-2E22-4FA3-BFB2-C98D5A6EE43D}.Release|Any CPU.Build.0 = Release|Any CPU
		{6392C6AC-CFAE-4D74-829F-0C87E2DD1B1A}.Debug|Any CPU.ActiveCfg = Debug|Any CPU
		{6392C6AC-CFAE-4D74-829F-0C87E2DD1B1A}.Debug|Any CPU.Build.0 = Debug|Any CPU
		{6392C6AC-CFAE-4D74-829F-0C87E2DD1B1A}.Release|Any CPU.ActiveCfg = Release|Any CPU
		{6392C6AC-CFAE-4D74-829F-0C87E2DD1B1A}.Release|Any CPU.Build.0 = Release|Any CPU
	EndGlobalSection
	GlobalSection(SolutionProperties) = preSolution
		HideSolutionNode = FALSE
	EndGlobalSection
	GlobalSection(ExtensibilityGlobals) = postSolution
		SolutionGuid = {BE34D0E7-B2F8-44D5-B30B-CF461B96BA0A}
	EndGlobalSection
EndGlobal
